// !$*UTF8*$!
{
	archiveVersion = 1;
	classes = {
	};
	objectVersion = 55;
	objects = {

/* Begin PBXBuildFile section */
		33EA0BF728650E6D007EF481 /* AppDelegate.m in Sources */ = {isa = PBXBuildFile; fileRef = 33EA0BF628650E6D007EF481 /* AppDelegate.m */; };
		33EA0BFA28650E6D007EF481 /* SceneDelegate.m in Sources */ = {isa = PBXBuildFile; fileRef = 33EA0BF928650E6D007EF481 /* SceneDelegate.m */; };
		33EA0BFD28650E6D007EF481 /* ColorsTraceViewController.m in Sources */ = {isa = PBXBuildFile; fileRef = 33EA0BFC28650E6D007EF481 /* ColorsTraceViewController.m */; };
		33EA0C0028650E6D007EF481 /* Main.storyboard in Resources */ = {isa = PBXBuildFile; fileRef = 33EA0BFE28650E6D007EF481 /* Main.storyboard */; };
		33EA0C0228650E6F007EF481 /* Assets.xcassets in Resources */ = {isa = PBXBuildFile; fileRef = 33EA0C0128650E6F007EF481 /* Assets.xcassets */; };
		33EA0C0528650E6F007EF481 /* LaunchScreen.storyboard in Resources */ = {isa = PBXBuildFile; fileRef = 33EA0C0328650E6F007EF481 /* LaunchScreen.storyboard */; };
		33EA0C0828650E6F007EF481 /* main.m in Sources */ = {isa = PBXBuildFile; fileRef = 33EA0C0728650E6F007EF481 /* main.m */; };
		33EA0C192865B7B0007EF481 /* ColorsTraceHandler.m in Sources */ = {isa = PBXBuildFile; fileRef = 33EA0C182865B7B0007EF481 /* ColorsTraceHandler.m */; };
/* End PBXBuildFile section */

/* Begin PBXFileReference section */
		33EA0BF228650E6D007EF481 /* CT.app */ = {isa = PBXFileReference; explicitFileType = wrapper.application; includeInIndex = 0; path = CT.app; sourceTree = BUILT_PRODUCTS_DIR; };
		33EA0BF528650E6D007EF481 /* AppDelegate.h */ = {isa = PBXFileReference; lastKnownFileType = sourcecode.c.h; path = AppDelegate.h; sourceTree = "<group>"; };
		33EA0BF628650E6D007EF481 /* AppDelegate.m */ = {isa = PBXFileReference; lastKnownFileType = sourcecode.c.objc; path = AppDelegate.m; sourceTree = "<group>"; };
		33EA0BF828650E6D007EF481 /* SceneDelegate.h */ = {isa = PBXFileReference; lastKnownFileType = sourcecode.c.h; path = SceneDelegate.h; sourceTree = "<group>"; };
		33EA0BF928650E6D007EF481 /* SceneDelegate.m */ = {isa = PBXFileReference; lastKnownFileType = sourcecode.c.objc; path = SceneDelegate.m; sourceTree = "<group>"; };
		33EA0BFB28650E6D007EF481 /* ColorsTraceViewController.h */ = {isa = PBXFileReference; lastKnownFileType = sourcecode.c.h; path = ColorsTraceViewController.h; sourceTree = "<group>"; };
		33EA0BFC28650E6D007EF481 /* ColorsTraceViewController.m */ = {isa = PBXFileReference; lastKnownFileType = sourcecode.c.objc; path = ColorsTraceViewController.m; sourceTree = "<group>"; };
		33EA0BFF28650E6D007EF481 /* Base */ = {isa = PBXFileReference; lastKnownFileType = file.storyboard; name = Base; path = Base.lproj/Main.storyboard; sourceTree = "<group>"; };
		33EA0C0128650E6F007EF481 /* Assets.xcassets */ = {isa = PBXFileReference; lastKnownFileType = folder.assetcatalog; path = Assets.xcassets; sourceTree = "<group>"; };
		33EA0C0428650E6F007EF481 /* Base */ = {isa = PBXFileReference; lastKnownFileType = file.storyboard; name = Base; path = Base.lproj/LaunchScreen.storyboard; sourceTree = "<group>"; };
		33EA0C0628650E6F007EF481 /* Info.plist */ = {isa = PBXFileReference; lastKnownFileType = text.plist.xml; path = Info.plist; sourceTree = "<group>"; };
		33EA0C0728650E6F007EF481 /* main.m */ = {isa = PBXFileReference; lastKnownFileType = sourcecode.c.objc; path = main.m; sourceTree = "<group>"; };
		33EA0C112865B55C007EF481 /* ColorsTraceHandler.h */ = {isa = PBXFileReference; lastKnownFileType = sourcecode.c.h; path = ColorsTraceHandler.h; sourceTree = "<group>"; };
		33EA0C182865B7B0007EF481 /* ColorsTraceHandler.m */ = {isa = PBXFileReference; lastKnownFileType = sourcecode.c.objc; path = ColorsTraceHandler.m; sourceTree = "<group>"; };
/* End PBXFileReference section */

/* Begin PBXFrameworksBuildPhase section */
		33EA0BEF28650E6D007EF481 /* Frameworks */ = {
			isa = PBXFrameworksBuildPhase;
			buildActionMask = 2147483647;
			files = (
			);
			runOnlyForDeploymentPostprocessing = 0;
		};
/* End PBXFrameworksBuildPhase section */

/* Begin PBXGroup section */
		33EA0BE928650E6D007EF481 = {
			isa = PBXGroup;
			children = (
				33EA0BF428650E6D007EF481 /* CT */,
				33EA0BF328650E6D007EF481 /* Products */,
			);
			sourceTree = "<group>";
		};
		33EA0BF328650E6D007EF481 /* Products */ = {
			isa = PBXGroup;
			children = (
				33EA0BF228650E6D007EF481 /* CT.app */,
			);
			name = Products;
			sourceTree = "<group>";
		};
		33EA0BF428650E6D007EF481 /* CT */ = {
			isa = PBXGroup;
			children = (
				33EA0C0728650E6F007EF481 /* main.m */,
				33EA0BF528650E6D007EF481 /* AppDelegate.h */,
				33EA0BF628650E6D007EF481 /* AppDelegate.m */,
				33EA0BF828650E6D007EF481 /* SceneDelegate.h */,
				33EA0BF928650E6D007EF481 /* SceneDelegate.m */,
				33EA0C0E28650F7D007EF481 /* Colors Trace */,
				33EA0BFE28650E6D007EF481 /* Main.storyboard */,
				33EA0C0128650E6F007EF481 /* Assets.xcassets */,
				33EA0C0328650E6F007EF481 /* LaunchScreen.storyboard */,
				33EA0C0628650E6F007EF481 /* Info.plist */,
			);
			path = CT;
			sourceTree = "<group>";
		};
		33EA0C0E28650F7D007EF481 /* Colors Trace */ = {
			isa = PBXGroup;
			children = (
				33EA0C102865B51A007EF481 /* Handler */,
				33EA0C0F28650F91007EF481 /* VC */,
			);
			path = "Colors Trace";
			sourceTree = "<group>";
		};
		33EA0C0F28650F91007EF481 /* VC */ = {
			isa = PBXGroup;
			children = (
				33EA0BFB28650E6D007EF481 /* ColorsTraceViewController.h */,
				33EA0BFC28650E6D007EF481 /* ColorsTraceViewController.m */,
			);
			path = VC;
			sourceTree = "<group>";
		};
		33EA0C102865B51A007EF481 /* Handler */ = {
			isa = PBXGroup;
			children = (
				33EA0C112865B55C007EF481 /* ColorsTraceHandler.h */,
				33EA0C182865B7B0007EF481 /* ColorsTraceHandler.m */,
			);
			path = Handler;
			sourceTree = "<group>";
		};
/* End PBXGroup section */

/* Begin PBXNativeTarget section */
		33EA0BF128650E6D007EF481 /* CT */ = {
			isa = PBXNativeTarget;
			buildConfigurationList = 33EA0C0B28650E6F007EF481 /* Build configuration list for PBXNativeTarget "CT" */;
			buildPhases = (
				33EA0BEE28650E6D007EF481 /* Sources */,
				33EA0BEF28650E6D007EF481 /* Frameworks */,
				33EA0BF028650E6D007EF481 /* Resources */,
			);
			buildRules = (
			);
			dependencies = (
			);
			name = CT;
			productName = CT;
			productReference = 33EA0BF228650E6D007EF481 /* CT.app */;
			productType = "com.apple.product-type.application";
		};
/* End PBXNativeTarget section */

/* Begin PBXProject section */
		33EA0BEA28650E6D007EF481 /* Project object */ = {
			isa = PBXProject;
			attributes = {
				BuildIndependentTargetsInParallel = 1;
				LastUpgradeCheck = 1340;
				TargetAttributes = {
					33EA0BF128650E6D007EF481 = {
						CreatedOnToolsVersion = 13.4.1;
					};
				};
			};
			buildConfigurationList = 33EA0BED28650E6D007EF481 /* Build configuration list for PBXProject "CT" */;
			compatibilityVersion = "Xcode 13.0";
			developmentRegion = en;
			hasScannedForEncodings = 0;
			knownRegions = (
				en,
				Base,
			);
			mainGroup = 33EA0BE928650E6D007EF481;
			productRefGroup = 33EA0BF328650E6D007EF481 /* Products */;
			projectDirPath = "";
			projectRoot = "";
			targets = (
				33EA0BF128650E6D007EF481 /* CT */,
			);
		};
/* End PBXProject section */

/* Begin PBXResourcesBuildPhase section */
		33EA0BF028650E6D007EF481 /* Resources */ = {
			isa = PBXResourcesBuildPhase;
			buildActionMask = 2147483647;
			files = (
				33EA0C0528650E6F007EF481 /* LaunchScreen.storyboard in Resources */,
				33EA0C0228650E6F007EF481 /* Assets.xcassets in Resources */,
				33EA0C0028650E6D007EF481 /* Main.storyboard in Resources */,
			);
			runOnlyForDeploymentPostprocessing = 0;
		};
/* End PBXResourcesBuildPhase section */

/* Begin PBXSourcesBuildPhase section */
		33EA0BEE28650E6D007EF481 /* Sources */ = {
			isa = PBXSourcesBuildPhase;
			buildActionMask = 2147483647;
			files = (
				33EA0BFD28650E6D007EF481 /* ColorsTraceViewController.m in Sources */,
				33EA0BF728650E6D007EF481 /* AppDelegate.m in Sources */,
				33EA0C0828650E6F007EF481 /* main.m in Sources */,
				33EA0BFA28650E6D007EF481 /* SceneDelegate.m in Sources */,
				33EA0C192865B7B0007EF481 /* ColorsTraceHandler.m in Sources */,
			);
			runOnlyForDeploymentPostprocessing = 0;
		};
/* End PBXSourcesBuildPhase section */

/* Begin PBXVariantGroup section */
		33EA0BFE28650E6D007EF481 /* Main.storyboard */ = {
			isa = PBXVariantGroup;
			children = (
				33EA0BFF28650E6D007EF481 /* Base */,
			);
			name = Main.storyboard;
			sourceTree = "<group>";
		};
		33EA0C0328650E6F007EF481 /* LaunchScreen.storyboard */ = {
			isa = PBXVariantGroup;
			children = (
				33EA0C0428650E6F007EF481 /* Base */,
			);
			name = LaunchScreen.storyboard;
			sourceTree = "<group>";
		};
/* End PBXVariantGroup section */

/* Begin XCBuildConfiguration section */
		33EA0C0928650E6F007EF481 /* Debug */ = {
			isa = XCBuildConfiguration;
			buildSettings = {
				ALWAYS_SEARCH_USER_PATHS = NO;
				CLANG_ANALYZER_NONNULL = YES;
				CLANG_ANALYZER_NUMBER_OBJECT_CONVERSION = YES_AGGRESSIVE;
				CLANG_CXX_LANGUAGE_STANDARD = "gnu++17";
				CLANG_ENABLE_MODULES = YES;
				CLANG_ENABLE_OBJC_ARC = YES;
				CLANG_ENABLE_OBJC_WEAK = YES;
				CLANG_WARN_BLOCK_CAPTURE_AUTORELEASING = YES;
				CLANG_WARN_BOOL_CONVERSION = YES;
				CLANG_WARN_COMMA = YES;
				CLANG_WARN_CONSTANT_CONVERSION = YES;
				CLANG_WARN_DEPRECATED_OBJC_IMPLEMENTATIONS = YES;
				CLANG_WARN_DIRECT_OBJC_ISA_USAGE = YES_ERROR;
				CLANG_WARN_DOCUMENTATION_COMMENTS = YES;
				CLANG_WARN_EMPTY_BODY = YES;
				CLANG_WARN_ENUM_CONVERSION = YES;
				CLANG_WARN_INFINITE_RECURSION = YES;
				CLANG_WARN_INT_CONVERSION = YES;
				CLANG_WARN_NON_LITERAL_NULL_CONVERSION = YES;
				CLANG_WARN_OBJC_IMPLICIT_RETAIN_SELF = YES;
				CLANG_WARN_OBJC_LITERAL_CONVERSION = YES;
				CLANG_WARN_OBJC_ROOT_CLASS = YES_ERROR;
				CLANG_WARN_QUOTED_INCLUDE_IN_FRAMEWORK_HEADER = YES;
				CLANG_WARN_RANGE_LOOP_ANALYSIS = YES;
				CLANG_WARN_STRICT_PROTOTYPES = YES;
				CLANG_WARN_SUSPICIOUS_MOVE = YES;
				CLANG_WARN_UNGUARDED_AVAILABILITY = YES_AGGRESSIVE;
				CLANG_WARN_UNREACHABLE_CODE = YES;
				CLANG_WARN__DUPLICATE_METHOD_MATCH = YES;
				COPY_PHASE_STRIP = NO;
				DEBUG_INFORMATION_FORMAT = dwarf;
				ENABLE_STRICT_OBJC_MSGSEND = YES;
				ENABLE_TESTABILITY = YES;
				GCC_C_LANGUAGE_STANDARD = gnu11;
				GCC_DYNAMIC_NO_PIC = NO;
				GCC_NO_COMMON_BLOCKS = YES;
				GCC_OPTIMIZATION_LEVEL = 0;
				GCC_PREPROCESSOR_DEFINITIONS = (
					"DEBUG=1",
					"$(inherited)",
				);
				GCC_WARN_64_TO_32_BIT_CONVERSION = YES;
				GCC_WARN_ABOUT_RETURN_TYPE = YES_ERROR;
				GCC_WARN_UNDECLARED_SELECTOR = YES;
				GCC_WARN_UNINITIALIZED_AUTOS = YES_AGGRESSIVE;
				GCC_WARN_UNUSED_FUNCTION = YES;
				GCC_WARN_UNUSED_VARIABLE = YES;
				IPHONEOS_DEPLOYMENT_TARGET = 15.5;
				MTL_ENABLE_DEBUG_INFO = INCLUDE_SOURCE;
				MTL_FAST_MATH = YES;
				ONLY_ACTIVE_ARCH = YES;
				SDKROOT = iphoneos;
			};
			name = Debug;
		};
		33EA0C0A28650E6F007EF481 /* Release */ = {
			isa = XCBuildConfiguration;
			buildSettings = {
				ALWAYS_SEARCH_USER_PATHS = NO;
				CLANG_ANALYZER_NONNULL = YES;
				CLANG_ANALYZER_NUMBER_OBJECT_CONVERSION = YES_AGGRESSIVE;
				CLANG_CXX_LANGUAGE_STANDARD = "gnu++17";
				CLANG_ENABLE_MODULES = YES;
				CLANG_ENABLE_OBJC_ARC = YES;
				CLANG_ENABLE_OBJC_WEAK = YES;
				CLANG_WARN_BLOCK_CAPTURE_AUTORELEASING = YES;
				CLANG_WARN_BOOL_CONVERSION = YES;
				CLANG_WARN_COMMA = YES;
				CLANG_WARN_CONSTANT_CONVERSION = YES;
				CLANG_WARN_DEPRECATED_OBJC_IMPLEMENTATIONS = YES;
				CLANG_WARN_DIRECT_OBJC_ISA_USAGE = YES_ERROR;
				CLANG_WARN_DOCUMENTATION_COMMENTS = YES;
				CLANG_WARN_EMPTY_BODY = YES;
				CLANG_WARN_ENUM_CONVERSION = YES;
				CLANG_WARN_INFINITE_RECURSION = YES;
				CLANG_WARN_INT_CONVERSION = YES;
				CLANG_WARN_NON_LITERAL_NULL_CONVERSION = YES;
				CLANG_WARN_OBJC_IMPLICIT_RETAIN_SELF = YES;
				CLANG_WARN_OBJC_LITERAL_CONVERSION = YES;
				CLANG_WARN_OBJC_ROOT_CLASS = YES_ERROR;
				CLANG_WARN_QUOTED_INCLUDE_IN_FRAMEWORK_HEADER = YES;
				CLANG_WARN_RANGE_LOOP_ANALYSIS = YES;
				CLANG_WARN_STRICT_PROTOTYPES = YES;
				CLANG_WARN_SUSPICIOUS_MOVE = YES;
				CLANG_WARN_UNGUARDED_AVAILABILITY = YES_AGGRESSIVE;
				CLANG_WARN_UNREACHABLE_CODE = YES;
				CLANG_WARN__DUPLICATE_METHOD_MATCH = YES;
				COPY_PHASE_STRIP = NO;
				DEBUG_INFORMATION_FORMAT = "dwarf-with-dsym";
				ENABLE_NS_ASSERTIONS = NO;
				ENABLE_STRICT_OBJC_MSGSEND = YES;
				GCC_C_LANGUAGE_STANDARD = gnu11;
				GCC_NO_COMMON_BLOCKS = YES;
				GCC_WARN_64_TO_32_BIT_CONVERSION = YES;
				GCC_WARN_ABOUT_RETURN_TYPE = YES_ERROR;
				GCC_WARN_UNDECLARED_SELECTOR = YES;
				GCC_WARN_UNINITIALIZED_AUTOS = YES_AGGRESSIVE;
				GCC_WARN_UNUSED_FUNCTION = YES;
				GCC_WARN_UNUSED_VARIABLE = YES;
				IPHONEOS_DEPLOYMENT_TARGET = 15.5;
				MTL_ENABLE_DEBUG_INFO = NO;
				MTL_FAST_MATH = YES;
				SDKROOT = iphoneos;
				VALIDATE_PRODUCT = YES;
			};
			name = Release;
		};
		33EA0C0C28650E6F007EF481 /* Debug */ = {
			isa = XCBuildConfiguration;
			buildSettings = {
				ASSETCATALOG_COMPILER_APPICON_NAME = AppIcon;
				ASSETCATALOG_COMPILER_GLOBAL_ACCENT_COLOR_NAME = AccentColor;
				CODE_SIGN_STYLE = Automatic;
				CURRENT_PROJECT_VERSION = 1;
				GENERATE_INFOPLIST_FILE = YES;
				INFOPLIST_FILE = CT/Info.plist;
				INFOPLIST_KEY_UIApplicationSupportsIndirectInputEvents = YES;
				INFOPLIST_KEY_UILaunchStoryboardName = LaunchScreen;
				INFOPLIST_KEY_UIMainStoryboardFile = Main;
				INFOPLIST_KEY_UISupportedInterfaceOrientations_iPhone = UIInterfaceOrientationPortrait;
				LD_RUNPATH_SEARCH_PATHS = (
					"$(inherited)",
					"@executable_path/Frameworks",
				);
				MARKETING_VERSION = 1.0;
				PRODUCT_BUNDLE_IDENTIFIER = l1ttle.CT;
				PRODUCT_NAME = "$(TARGET_NAME)";
				SWIFT_EMIT_LOC_STRINGS = YES;
				TARGETED_DEVICE_FAMILY = "1,2";
			};
			name = Debug;
		};
		33EA0C0D28650E6F007EF481 /* Release */ = {
			isa = XCBuildConfiguration;
			buildSettings = {
				ASSETCATALOG_COMPILER_APPICON_NAME = AppIcon;
				ASSETCATALOG_COMPILER_GLOBAL_ACCENT_COLOR_NAME = AccentColor;
				CODE_SIGN_STYLE = Automatic;
				CURRENT_PROJECT_VERSION = 1;
				GENERATE_INFOPLIST_FILE = YES;
				INFOPLIST_FILE = CT/Info.plist;
				INFOPLIST_KEY_UIApplicationSupportsIndirectInputEvents = YES;
				INFOPLIST_KEY_UILaunchStoryboardName = LaunchScreen;
				INFOPLIST_KEY_UIMainStoryboardFile = Main;
				INFOPLIST_KEY_UISupportedInterfaceOrientations_iPhone = UIInterfaceOrientationPortrait;
				LD_RUNPATH_SEARCH_PATHS = (
					"$(inherited)",
					"@executable_path/Frameworks",
				);
				MARKETING_VERSION = 1.0;
				PRODUCT_BUNDLE_IDENTIFIER = l1ttle.CT;
				PRODUCT_NAME = "$(TARGET_NAME)";
				SWIFT_EMIT_LOC_STRINGS = YES;
				TARGETED_DEVICE_FAMILY = "1,2";
			};
			name = Release;
		};
/* End XCBuildConfiguration section */

/* Begin XCConfigurationList section */
		33EA0BED28650E6D007EF481 /* Build configuration list for PBXProject "CT" */ = {
			isa = XCConfigurationList;
			buildConfigurations = (
				33EA0C0928650E6F007EF481 /* Debug */,
				33EA0C0A28650E6F007EF481 /* Release */,
			);
			defaultConfigurationIsVisible = 0;
			defaultConfigurationName = Release;
		};
		33EA0C0B28650E6F007EF481 /* Build configuration list for PBXNativeTarget "CT" */ = {
			isa = XCConfigurationList;
			buildConfigurations = (
				33EA0C0C28650E6F007EF481 /* Debug */,
				33EA0C0D28650E6F007EF481 /* Release */,
			);
			defaultConfigurationIsVisible = 0;
			defaultConfigurationName = Release;
		};
/* End XCConfigurationList section */
	};
	rootObject = 33EA0BEA28650E6D007EF481 /* Project object */;
}
